
Microsoft Visual Studio Solution File, Format Version 12.00
# Visual Studio Version 16
VisualStudioVersion = 16.0.31613.86
MinimumVisualStudioVersion = 10.0.40219.1
Project("{FAE04EC0-301F-11D3-BF4B-00C04F79EFBC}") = "SoundAnalyzer", "SoundAnalyzer.csproj", "{1B494874-E8DD-4F49-885D-885029A4F1BE}"
EndProject
Global
	GlobalSection(SolutionConfigurationPlatforms) = preSolution
		Debug|Any CPU = Debug|Any CPU
		Release|Any CPU = Release|Any CPU
	EndGlobalSection
	GlobalSection(ProjectConfigurationPlatforms) = postSolution
		{1B494874-E8DD-4F49-885D-885029A4F1BE}.Debug|Any CPU.ActiveCfg = Debug|Any CPU
		{1B494874-E8DD-4F49-885D-885029A4F1BE}.Debug|Any CPU.Build.0 = Debug|Any CPU
		{1B494874-E8DD-4F49-885D-885029A4F1BE}.Release|Any CPU.ActiveCfg = Release|Any CPU
		{1B494874-E8DD-4F49-885D-885029A4F1BE}.Release|Any CPU.Build.0 = Release|Any CPU
	EndGlobalSection
	GlobalSection(SolutionProperties) = preSolution
		HideSolutionNode = FALSE
	EndGlobalSection
	GlobalSection(ExtensibilityGlobals) = postSolution
		SolutionGuid = {1E15A3C5-1266-4D9F-A010-9F1136BB49AC}
	EndGlobalSection
EndGlobal
